dependencies:
- name: keda
  repository: https://kedify.github.io/charts
  version: v2.16.0-1
- name: keda-add-ons-http
  repository: https://kedify.github.io/charts
  version: v0.8.1-1
digest: sha256:a8c1fc8a1790b160f995b09847ead6dcca047d33fcfa937d0a09ca34da426b42
generated: "2024-11-13T10:49:36.339090106+01:00"
